
Microsoft Visual Studio Solution File, Format Version 12.00
# Visual Studio Version 17
VisualStudioVersion = 17.4.33110.190
MinimumVisualStudioVersion = 10.0.40219.1
Project("{FAE04EC0-301F-11D3-BF4B-00C04F79EFBC}") = "LSportsHomeTask", "LSportsHomeTask\LSportsHomeTask.csproj", "{9BB3A7A9-7A85-408D-89C8-0B6C023D327E}"
EndProject
Global
	GlobalSection(SolutionConfigurationPlatforms) = preSolution
		Debug|Any CPU = Debug|Any CPU
		Release|Any CPU = Release|Any CPU
	EndGlobalSection
	GlobalSection(ProjectConfigurationPlatforms) = postSolution
		{9BB3A7A9-7A85-408D-89C8-0B6C023D327E}.Debug|Any CPU.ActiveCfg = Debug|Any CPU
		{9BB3A7A9-7A85-408D-89C8-0B6C023D327E}.Debug|Any CPU.Build.0 = Debug|Any CPU
		{9BB3A7A9-7A85-408D-89C8-0B6C023D327E}.Release|Any CPU.ActiveCfg = Release|Any CPU
		{9BB3A7A9-7A85-408D-89C8-0B6C023D327E}.Release|Any CPU.Build.0 = Release|Any CPU
	EndGlobalSection
	GlobalSection(SolutionProperties) = preSolution
		HideSolutionNode = FALSE
	EndGlobalSection
	GlobalSection(ExtensibilityGlobals) = postSolution
		SolutionGuid = {EA9BC850-20BB-4C55-8C09-62C4F45E9801}
	EndGlobalSection
EndGlobal
